// !$*UTF8*$!
{
	archiveVersion = 1;
	classes = {
	};
	objectVersion = 50;
	objects = {

/* Begin PBXBuildFile section */
		04585258FEB0EC29967FB976 /* Pods_Gonzaga_News_ScraperUITests.framework in Frameworks */ = {isa = PBXBuildFile; fileRef = 3D8E1F01DF179316B628E9D5 /* Pods_Gonzaga_News_ScraperUITests.framework */; };
		2F671A317EFF4F6EA7468F6D /* Pods_Gonzaga_News_ScraperTests.framework in Frameworks */ = {isa = PBXBuildFile; fileRef = DD63962CC419155A3F4367C2 /* Pods_Gonzaga_News_ScraperTests.framework */; };
		62F5DC05225C836B000D2387 /* AppDelegate.swift in Sources */ = {isa = PBXBuildFile; fileRef = 62F5DC04225C836B000D2387 /* AppDelegate.swift */; };
		62F5DC07225C836B000D2387 /* ViewController.swift in Sources */ = {isa = PBXBuildFile; fileRef = 62F5DC06225C836B000D2387 /* ViewController.swift */; };
		62F5DC0A225C836B000D2387 /* Main.storyboard in Resources */ = {isa = PBXBuildFile; fileRef = 62F5DC08225C836B000D2387 /* Main.storyboard */; };
		62F5DC0C225C836D000D2387 /* Assets.xcassets in Resources */ = {isa = PBXBuildFile; fileRef = 62F5DC0B225C836D000D2387 /* Assets.xcassets */; };
		62F5DC0F225C836D000D2387 /* LaunchScreen.storyboard in Resources */ = {isa = PBXBuildFile; fileRef = 62F5DC0D225C836D000D2387 /* LaunchScreen.storyboard */; };
		62F5DC1A225C836D000D2387 /* Gonzaga_News_ScraperTests.swift in Sources */ = {isa = PBXBuildFile; fileRef = 62F5DC19225C836D000D2387 /* Gonzaga_News_ScraperTests.swift */; };
		62F5DC25225C836D000D2387 /* Gonzaga_News_ScraperUITests.swift in Sources */ = {isa = PBXBuildFile; fileRef = 62F5DC24225C836D000D2387 /* Gonzaga_News_ScraperUITests.swift */; };
		72B032980FB3B0DE5316F60A /* Pods_Gonzaga_News_Scraper.framework in Frameworks */ = {isa = PBXBuildFile; fileRef = 973C8B0B73C0C67111FA38B5 /* Pods_Gonzaga_News_Scraper.framework */; };
/* End PBXBuildFile section */

/* Begin PBXContainerItemProxy section */
		62F5DC16225C836D000D2387 /* PBXContainerItemProxy */ = {
			isa = PBXContainerItemProxy;
			containerPortal = 62F5DBF9225C836B000D2387 /* Project object */;
			proxyType = 1;
			remoteGlobalIDString = 62F5DC00225C836B000D2387;
			remoteInfo = "Gonzaga News Scraper";
		};
		62F5DC21225C836D000D2387 /* PBXContainerItemProxy */ = {
			isa = PBXContainerItemProxy;
			containerPortal = 62F5DBF9225C836B000D2387 /* Project object */;
			proxyType = 1;
			remoteGlobalIDString = 62F5DC00225C836B000D2387;
			remoteInfo = "Gonzaga News Scraper";
		};
/* End PBXContainerItemProxy section */

/* Begin PBXFileReference section */
		0BF4C582B7BE0DD259EA90F8 /* Pods-Gonzaga News Scraper.debug.xcconfig */ = {isa = PBXFileReference; includeInIndex = 1; lastKnownFileType = text.xcconfig; name = "Pods-Gonzaga News Scraper.debug.xcconfig"; path = "Target Support Files/Pods-Gonzaga News Scraper/Pods-Gonzaga News Scraper.debug.xcconfig"; sourceTree = "<group>"; };
		1AED981D2644192F92A63C24 /* Pods-Gonzaga News ScraperUITests.release.xcconfig */ = {isa = PBXFileReference; includeInIndex = 1; lastKnownFileType = text.xcconfig; name = "Pods-Gonzaga News ScraperUITests.release.xcconfig"; path = "Target Support Files/Pods-Gonzaga News ScraperUITests/Pods-Gonzaga News ScraperUITests.release.xcconfig"; sourceTree = "<group>"; };
		3D8E1F01DF179316B628E9D5 /* Pods_Gonzaga_News_ScraperUITests.framework */ = {isa = PBXFileReference; explicitFileType = wrapper.framework; includeInIndex = 0; path = Pods_Gonzaga_News_ScraperUITests.framework; sourceTree = BUILT_PRODUCTS_DIR; };
		3DF28189AE4E2BD6C092917B /* Pods-Gonzaga News ScraperTests.debug.xcconfig */ = {isa = PBXFileReference; includeInIndex = 1; lastKnownFileType = text.xcconfig; name = "Pods-Gonzaga News ScraperTests.debug.xcconfig"; path = "Target Support Files/Pods-Gonzaga News ScraperTests/Pods-Gonzaga News ScraperTests.debug.xcconfig"; sourceTree = "<group>"; };
		5256046566773A7F701A303C /* Pods-Gonzaga News ScraperTests.release.xcconfig */ = {isa = PBXFileReference; includeInIndex = 1; lastKnownFileType = text.xcconfig; name = "Pods-Gonzaga News ScraperTests.release.xcconfig"; path = "Target Support Files/Pods-Gonzaga News ScraperTests/Pods-Gonzaga News ScraperTests.release.xcconfig"; sourceTree = "<group>"; };
		56A12AA0C9C18BC09EF78AD2 /* Pods-Gonzaga News ScraperUITests.debug.xcconfig */ = {isa = PBXFileReference; includeInIndex = 1; lastKnownFileType = text.xcconfig; name = "Pods-Gonzaga News ScraperUITests.debug.xcconfig"; path = "Target Support Files/Pods-Gonzaga News ScraperUITests/Pods-Gonzaga News ScraperUITests.debug.xcconfig"; sourceTree = "<group>"; };
		62F5DC01225C836B000D2387 /* Gonzaga News Scraper.app */ = {isa = PBXFileReference; explicitFileType = wrapper.application; includeInIndex = 0; path = "Gonzaga News Scraper.app"; sourceTree = BUILT_PRODUCTS_DIR; };
		62F5DC04225C836B000D2387 /* AppDelegate.swift */ = {isa = PBXFileReference; lastKnownFileType = sourcecode.swift; path = AppDelegate.swift; sourceTree = "<group>"; };
		62F5DC06225C836B000D2387 /* ViewController.swift */ = {isa = PBXFileReference; lastKnownFileType = sourcecode.swift; path = ViewController.swift; sourceTree = "<group>"; };
		62F5DC09225C836B000D2387 /* Base */ = {isa = PBXFileReference; lastKnownFileType = file.storyboard; name = Base; path = Base.lproj/Main.storyboard; sourceTree = "<group>"; };
		62F5DC0B225C836D000D2387 /* Assets.xcassets */ = {isa = PBXFileReference; lastKnownFileType = folder.assetcatalog; path = Assets.xcassets; sourceTree = "<group>"; };
		62F5DC0E225C836D000D2387 /* Base */ = {isa = PBXFileReference; lastKnownFileType = file.storyboard; name = Base; path = Base.lproj/LaunchScreen.storyboard; sourceTree = "<group>"; };
		62F5DC10225C836D000D2387 /* Info.plist */ = {isa = PBXFileReference; lastKnownFileType = text.plist.xml; path = Info.plist; sourceTree = "<group>"; };
		62F5DC15225C836D000D2387 /* Gonzaga News ScraperTests.xctest */ = {isa = PBXFileReference; explicitFileType = wrapper.cfbundle; includeInIndex = 0; path = "Gonzaga News ScraperTests.xctest"; sourceTree = BUILT_PRODUCTS_DIR; };
		62F5DC19225C836D000D2387 /* Gonzaga_News_ScraperTests.swift */ = {isa = PBXFileReference; lastKnownFileType = sourcecode.swift; path = Gonzaga_News_ScraperTests.swift; sourceTree = "<group>"; };
		62F5DC1B225C836D000D2387 /* Info.plist */ = {isa = PBXFileReference; lastKnownFileType = text.plist.xml; path = Info.plist; sourceTree = "<group>"; };
		62F5DC20225C836D000D2387 /* Gonzaga News ScraperUITests.xctest */ = {isa = PBXFileReference; explicitFileType = wrapper.cfbundle; includeInIndex = 0; path = "Gonzaga News ScraperUITests.xctest"; sourceTree = BUILT_PRODUCTS_DIR; };
		62F5DC24225C836D000D2387 /* Gonzaga_News_ScraperUITests.swift */ = {isa = PBXFileReference; lastKnownFileType = sourcecode.swift; path = Gonzaga_News_ScraperUITests.swift; sourceTree = "<group>"; };
		62F5DC26225C836D000D2387 /* Info.plist */ = {isa = PBXFileReference; lastKnownFileType = text.plist.xml; path = Info.plist; sourceTree = "<group>"; };
		66CF09660F848ADB5A3A3CEC /* Pods-Gonzaga News Scraper.release.xcconfig */ = {isa = PBXFileReference; includeInIndex = 1; lastKnownFileType = text.xcconfig; name = "Pods-Gonzaga News Scraper.release.xcconfig"; path = "Target Support Files/Pods-Gonzaga News Scraper/Pods-Gonzaga News Scraper.release.xcconfig"; sourceTree = "<group>"; };
		973C8B0B73C0C67111FA38B5 /* Pods_Gonzaga_News_Scraper.framework */ = {isa = PBXFileReference; explicitFileType = wrapper.framework; includeInIndex = 0; path = Pods_Gonzaga_News_Scraper.framework; sourceTree = BUILT_PRODUCTS_DIR; };
		DD63962CC419155A3F4367C2 /* Pods_Gonzaga_News_ScraperTests.framework */ = {isa = PBXFileReference; explicitFileType = wrapper.framework; includeInIndex = 0; path = Pods_Gonzaga_News_ScraperTests.framework; sourceTree = BUILT_PRODUCTS_DIR; };
/* End PBXFileReference section */

/* Begin PBXFrameworksBuildPhase section */
		62F5DBFE225C836B000D2387 /* Frameworks */ = {
			isa = PBXFrameworksBuildPhase;
			buildActionMask = 2147483647;
			files = (
				72B032980FB3B0DE5316F60A /* Pods_Gonzaga_News_Scraper.framework in Frameworks */,
			);
			runOnlyForDeploymentPostprocessing = 0;
		};
		62F5DC12225C836D000D2387 /* Frameworks */ = {
			isa = PBXFrameworksBuildPhase;
			buildActionMask = 2147483647;
			files = (
				2F671A317EFF4F6EA7468F6D /* Pods_Gonzaga_News_ScraperTests.framework in Frameworks */,
			);
			runOnlyForDeploymentPostprocessing = 0;
		};
		62F5DC1D225C836D000D2387 /* Frameworks */ = {
			isa = PBXFrameworksBuildPhase;
			buildActionMask = 2147483647;
			files = (
				04585258FEB0EC29967FB976 /* Pods_Gonzaga_News_ScraperUITests.framework in Frameworks */,
			);
			runOnlyForDeploymentPostprocessing = 0;
		};
/* End PBXFrameworksBuildPhase section */

/* Begin PBXGroup section */
		273A944B6395671E0462453E /* Frameworks */ = {
			isa = PBXGroup;
			children = (
				973C8B0B73C0C67111FA38B5 /* Pods_Gonzaga_News_Scraper.framework */,
				DD63962CC419155A3F4367C2 /* Pods_Gonzaga_News_ScraperTests.framework */,
				3D8E1F01DF179316B628E9D5 /* Pods_Gonzaga_News_ScraperUITests.framework */,
			);
			name = Frameworks;
			sourceTree = "<group>";
		};
		3E88E62639EB1397F73818ED /* Pods */ = {
			isa = PBXGroup;
			children = (
				0BF4C582B7BE0DD259EA90F8 /* Pods-Gonzaga News Scraper.debug.xcconfig */,
				66CF09660F848ADB5A3A3CEC /* Pods-Gonzaga News Scraper.release.xcconfig */,
				3DF28189AE4E2BD6C092917B /* Pods-Gonzaga News ScraperTests.debug.xcconfig */,
				5256046566773A7F701A303C /* Pods-Gonzaga News ScraperTests.release.xcconfig */,
				56A12AA0C9C18BC09EF78AD2 /* Pods-Gonzaga News ScraperUITests.debug.xcconfig */,
				1AED981D2644192F92A63C24 /* Pods-Gonzaga News ScraperUITests.release.xcconfig */,
			);
			path = Pods;
			sourceTree = "<group>";
		};
		62F5DBF8225C836B000D2387 = {
			isa = PBXGroup;
			children = (
				62F5DC03225C836B000D2387 /* Gonzaga News Scraper */,
				62F5DC18225C836D000D2387 /* Gonzaga News ScraperTests */,
				62F5DC23225C836D000D2387 /* Gonzaga News ScraperUITests */,
				62F5DC02225C836B000D2387 /* Products */,
				3E88E62639EB1397F73818ED /* Pods */,
				273A944B6395671E0462453E /* Frameworks */,
			);
			sourceTree = "<group>";
		};
		62F5DC02225C836B000D2387 /* Products */ = {
			isa = PBXGroup;
			children = (
				62F5DC01225C836B000D2387 /* Gonzaga News Scraper.app */,
				62F5DC15225C836D000D2387 /* Gonzaga News ScraperTests.xctest */,
				62F5DC20225C836D000D2387 /* Gonzaga News ScraperUITests.xctest */,
			);
			name = Products;
			sourceTree = "<group>";
		};
		62F5DC03225C836B000D2387 /* Gonzaga News Scraper */ = {
			isa = PBXGroup;
			children = (
				62F5DC04225C836B000D2387 /* AppDelegate.swift */,
				62F5DC06225C836B000D2387 /* ViewController.swift */,
				62F5DC08225C836B000D2387 /* Main.storyboard */,
				62F5DC0B225C836D000D2387 /* Assets.xcassets */,
				62F5DC0D225C836D000D2387 /* LaunchScreen.storyboard */,
				62F5DC10225C836D000D2387 /* Info.plist */,
			);
			path = "Gonzaga News Scraper";
			sourceTree = "<group>";
		};
		62F5DC18225C836D000D2387 /* Gonzaga News ScraperTests */ = {
			isa = PBXGroup;
			children = (
				62F5DC19225C836D000D2387 /* Gonzaga_News_ScraperTests.swift */,
				62F5DC1B225C836D000D2387 /* Info.plist */,
			);
			path = "Gonzaga News ScraperTests";
			sourceTree = "<group>";
		};
		62F5DC23225C836D000D2387 /* Gonzaga News ScraperUITests */ = {
			isa = PBXGroup;
			children = (
				62F5DC24225C836D000D2387 /* Gonzaga_News_ScraperUITests.swift */,
				62F5DC26225C836D000D2387 /* Info.plist */,
			);
			path = "Gonzaga News ScraperUITests";
			sourceTree = "<group>";
		};
/* End PBXGroup section */

/* Begin PBXNativeTarget section */
		62F5DC00225C836B000D2387 /* Gonzaga News Scraper */ = {
			isa = PBXNativeTarget;
			buildConfigurationList = 62F5DC29225C836D000D2387 /* Build configuration list for PBXNativeTarget "Gonzaga News Scraper" */;
			buildPhases = (
				57D3EB60DAD9811712FEE188 /* [CP] Check Pods Manifest.lock */,
				62F5DBFD225C836B000D2387 /* Sources */,
				62F5DBFE225C836B000D2387 /* Frameworks */,
				62F5DBFF225C836B000D2387 /* Resources */,
				FB5B713748E7C79D16019693 /* [CP] Embed Pods Frameworks */,
			);
			buildRules = (
			);
			dependencies = (
			);
			name = "Gonzaga News Scraper";
			productName = "Gonzaga News Scraper";
			productReference = 62F5DC01225C836B000D2387 /* Gonzaga News Scraper.app */;
			productType = "com.apple.product-type.application";
		};
		62F5DC14225C836D000D2387 /* Gonzaga News ScraperTests */ = {
			isa = PBXNativeTarget;
			buildConfigurationList = 62F5DC2C225C836D000D2387 /* Build configuration list for PBXNativeTarget "Gonzaga News ScraperTests" */;
			buildPhases = (
				52AB9806807B2B2ABCBF4CAA /* [CP] Check Pods Manifest.lock */,
				62F5DC11225C836D000D2387 /* Sources */,
				62F5DC12225C836D000D2387 /* Frameworks */,
				62F5DC13225C836D000D2387 /* Resources */,
			);
			buildRules = (
			);
			dependencies = (
				62F5DC17225C836D000D2387 /* PBXTargetDependency */,
			);
			name = "Gonzaga News ScraperTests";
			productName = "Gonzaga News ScraperTests";
			productReference = 62F5DC15225C836D000D2387 /* Gonzaga News ScraperTests.xctest */;
			productType = "com.apple.product-type.bundle.unit-test";
		};
		62F5DC1F225C836D000D2387 /* Gonzaga News ScraperUITests */ = {
			isa = PBXNativeTarget;
			buildConfigurationList = 62F5DC2F225C836D000D2387 /* Build configuration list for PBXNativeTarget "Gonzaga News ScraperUITests" */;
			buildPhases = (
				496828D3A131116F12568F70 /* [CP] Check Pods Manifest.lock */,
				62F5DC1C225C836D000D2387 /* Sources */,
				62F5DC1D225C836D000D2387 /* Frameworks */,
				62F5DC1E225C836D000D2387 /* Resources */,
			);
			buildRules = (
			);
			dependencies = (
				62F5DC22225C836D000D2387 /* PBXTargetDependency */,
			);
			name = "Gonzaga News ScraperUITests";
			productName = "Gonzaga News ScraperUITests";
			productReference = 62F5DC20225C836D000D2387 /* Gonzaga News ScraperUITests.xctest */;
			productType = "com.apple.product-type.bundle.ui-testing";
		};
/* End PBXNativeTarget section */

/* Begin PBXProject section */
		62F5DBF9225C836B000D2387 /* Project object */ = {
			isa = PBXProject;
			attributes = {
				LastSwiftUpdateCheck = 1000;
				LastUpgradeCheck = 1000;
				ORGANIZATIONNAME = northw.st;
				TargetAttributes = {
					62F5DC00225C836B000D2387 = {
						CreatedOnToolsVersion = 10.0;
					};
					62F5DC14225C836D000D2387 = {
						CreatedOnToolsVersion = 10.0;
						TestTargetID = 62F5DC00225C836B000D2387;
					};
					62F5DC1F225C836D000D2387 = {
						CreatedOnToolsVersion = 10.0;
						TestTargetID = 62F5DC00225C836B000D2387;
					};
				};
			};
			buildConfigurationList = 62F5DBFC225C836B000D2387 /* Build configuration list for PBXProject "Gonzaga News Scraper" */;
			compatibilityVersion = "Xcode 9.3";
			developmentRegion = en;
			hasScannedForEncodings = 0;
			knownRegions = (
				en,
				Base,
			);
			mainGroup = 62F5DBF8225C836B000D2387;
			productRefGroup = 62F5DC02225C836B000D2387 /* Products */;
			projectDirPath = "";
			projectRoot = "";
			targets = (
				62F5DC00225C836B000D2387 /* Gonzaga News Scraper */,
				62F5DC14225C836D000D2387 /* Gonzaga News ScraperTests */,
				62F5DC1F225C836D000D2387 /* Gonzaga News ScraperUITests */,
			);
		};
/* End PBXProject section */

/* Begin PBXResourcesBuildPhase section */
		62F5DBFF225C836B000D2387 /* Resources */ = {
			isa = PBXResourcesBuildPhase;
			buildActionMask = 2147483647;
			files = (
				62F5DC0F225C836D000D2387 /* LaunchScreen.storyboard in Resources */,
				62F5DC0C225C836D000D2387 /* Assets.xcassets in Resources */,
				62F5DC0A225C836B000D2387 /* Main.storyboard in Resources */,
			);
			runOnlyForDeploymentPostprocessing = 0;
		};
		62F5DC13225C836D000D2387 /* Resources */ = {
			isa = PBXResourcesBuildPhase;
			buildActionMask = 2147483647;
			files = (
			);
			runOnlyForDeploymentPostprocessing = 0;
		};
		62F5DC1E225C836D000D2387 /* Resources */ = {
			isa = PBXResourcesBuildPhase;
			buildActionMask = 2147483647;
			files = (
			);
			runOnlyForDeploymentPostprocessing = 0;
		};
/* End PBXResourcesBuildPhase section */

/* Begin PBXShellScriptBuildPhase section */
		496828D3A131116F12568F70 /* [CP] Check Pods Manifest.lock */ = {
			isa = PBXShellScriptBuildPhase;
			buildActionMask = 2147483647;
			files = (
			);
			inputFileListPaths = (
			);
			inputPaths = (
				"${PODS_PODFILE_DIR_PATH}/Podfile.lock",
				"${PODS_ROOT}/Manifest.lock",
			);
			name = "[CP] Check Pods Manifest.lock";
			outputFileListPaths = (
			);
			outputPaths = (
				"$(DERIVED_FILE_DIR)/Pods-Gonzaga News ScraperUITests-checkManifestLockResult.txt",
			);
			runOnlyForDeploymentPostprocessing = 0;
			shellPath = /bin/sh;
			shellScript = "diff \"${PODS_PODFILE_DIR_PATH}/Podfile.lock\" \"${PODS_ROOT}/Manifest.lock\" > /dev/null\nif [ $? != 0 ] ; then\n    # print error to STDERR\n    echo \"error: The sandbox is not in sync with the Podfile.lock. Run 'pod install' or update your CocoaPods installation.\" >&2\n    exit 1\nfi\n# This output is used by Xcode 'outputs' to avoid re-running this script phase.\necho \"SUCCESS\" > \"${SCRIPT_OUTPUT_FILE_0}\"\n";
			showEnvVarsInLog = 0;
		};
		52AB9806807B2B2ABCBF4CAA /* [CP] Check Pods Manifest.lock */ = {
			isa = PBXShellScriptBuildPhase;
			buildActionMask = 2147483647;
			files = (
			);
			inputFileListPaths = (
			);
			inputPaths = (
				"${PODS_PODFILE_DIR_PATH}/Podfile.lock",
				"${PODS_ROOT}/Manifest.lock",
			);
			name = "[CP] Check Pods Manifest.lock";
			outputFileListPaths = (
			);
			outputPaths = (
				"$(DERIVED_FILE_DIR)/Pods-Gonzaga News ScraperTests-checkManifestLockResult.txt",
			);
			runOnlyForDeploymentPostprocessing = 0;
			shellPath = /bin/sh;
			shellScript = "diff \"${PODS_PODFILE_DIR_PATH}/Podfile.lock\" \"${PODS_ROOT}/Manifest.lock\" > /dev/null\nif [ $? != 0 ] ; then\n    # print error to STDERR\n    echo \"error: The sandbox is not in sync with the Podfile.lock. Run 'pod install' or update your CocoaPods installation.\" >&2\n    exit 1\nfi\n# This output is used by Xcode 'outputs' to avoid re-running this script phase.\necho \"SUCCESS\" > \"${SCRIPT_OUTPUT_FILE_0}\"\n";
			showEnvVarsInLog = 0;
		};
		57D3EB60DAD9811712FEE188 /* [CP] Check Pods Manifest.lock */ = {
			isa = PBXShellScriptBuildPhase;
			buildActionMask = 2147483647;
			files = (
			);
			inputFileListPaths = (
			);
			inputPaths = (
				"${PODS_PODFILE_DIR_PATH}/Podfile.lock",
				"${PODS_ROOT}/Manifest.lock",
			);
			name = "[CP] Check Pods Manifest.lock";
			outputFileListPaths = (
			);
			outputPaths = (
				"$(DERIVED_FILE_DIR)/Pods-Gonzaga News Scraper-checkManifestLockResult.txt",
			);
			runOnlyForDeploymentPostprocessing = 0;
			shellPath = /bin/sh;
			shellScript = "diff \"${PODS_PODFILE_DIR_PATH}/Podfile.lock\" \"${PODS_ROOT}/Manifest.lock\" > /dev/null\nif [ $? != 0 ] ; then\n    # print error to STDERR\n    echo \"error: The sandbox is not in sync with the Podfile.lock. Run 'pod install' or update your CocoaPods installation.\" >&2\n    exit 1\nfi\n# This output is used by Xcode 'outputs' to avoid re-running this script phase.\necho \"SUCCESS\" > \"${SCRIPT_OUTPUT_FILE_0}\"\n";
			showEnvVarsInLog = 0;
		};
		FB5B713748E7C79D16019693 /* [CP] Embed Pods Frameworks */ = {
			isa = PBXShellScriptBuildPhase;
			buildActionMask = 2147483647;
			files = (
			);
			inputFileListPaths = (
			);
			inputPaths = (
				"${PODS_ROOT}/Target Support Files/Pods-Gonzaga News Scraper/Pods-Gonzaga News Scraper-frameworks.sh",
				"${BUILT_PRODUCTS_DIR}/Alamofire/Alamofire.framework",
				"${BUILT_PRODUCTS_DIR}/Kanna/Kanna.framework",
			);
			name = "[CP] Embed Pods Frameworks";
			outputFileListPaths = (
			);
			outputPaths = (
				"${TARGET_BUILD_DIR}/${FRAMEWORKS_FOLDER_PATH}/Alamofire.framework",
				"${TARGET_BUILD_DIR}/${FRAMEWORKS_FOLDER_PATH}/Kanna.framework",
			);
			runOnlyForDeploymentPostprocessing = 0;
			shellPath = /bin/sh;
			shellScript = "\"${PODS_ROOT}/Target Support Files/Pods-Gonzaga News Scraper/Pods-Gonzaga News Scraper-frameworks.sh\"\n";
			showEnvVarsInLog = 0;
		};
/* End PBXShellScriptBuildPhase section */

/* Begin PBXSourcesBuildPhase section */
		62F5DBFD225C836B000D2387 /* Sources */ = {
			isa = PBXSourcesBuildPhase;
			buildActionMask = 2147483647;
			files = (
				62F5DC07225C836B000D2387 /* ViewController.swift in Sources */,
				62F5DC05225C836B000D2387 /* AppDelegate.swift in Sources */,
			);
			runOnlyForDeploymentPostprocessing = 0;
		};
		62F5DC11225C836D000D2387 /* Sources */ = {
			isa = PBXSourcesBuildPhase;
			buildActionMask = 2147483647;
			files = (
				62F5DC1A225C836D000D2387 /* Gonzaga_News_ScraperTests.swift in Sources */,
			);
			runOnlyForDeploymentPostprocessing = 0;
		};
		62F5DC1C225C836D000D2387 /* Sources */ = {
			isa = PBXSourcesBuildPhase;
			buildActionMask = 2147483647;
			files = (
				62F5DC25225C836D000D2387 /* Gonzaga_News_ScraperUITests.swift in Sources */,
			);
			runOnlyForDeploymentPostprocessing = 0;
		};
/* End PBXSourcesBuildPhase section */

/* Begin PBXTargetDependency section */
		62F5DC17225C836D000D2387 /* PBXTargetDependency */ = {
			isa = PBXTargetDependency;
			target = 62F5DC00225C836B000D2387 /* Gonzaga News Scraper */;
			targetProxy = 62F5DC16225C836D000D2387 /* PBXContainerItemProxy */;
		};
		62F5DC22225C836D000D2387 /* PBXTargetDependency */ = {
			isa = PBXTargetDependency;
			target = 62F5DC00225C836B000D2387 /* Gonzaga News Scraper */;
			targetProxy = 62F5DC21225C836D000D2387 /* PBXContainerItemProxy */;
		};
/* End PBXTargetDependency section */

/* Begin PBXVariantGroup section */
		62F5DC08225C836B000D2387 /* Main.storyboard */ = {
			isa = PBXVariantGroup;
			children = (
				62F5DC09225C836B000D2387 /* Base */,
			);
			name = Main.storyboard;
			sourceTree = "<group>";
		};
		62F5DC0D225C836D000D2387 /* LaunchScreen.storyboard */ = {
			isa = PBXVariantGroup;
			children = (
				62F5DC0E225C836D000D2387 /* Base */,
			);
			name = LaunchScreen.storyboard;
			sourceTree = "<group>";
		};
/* End PBXVariantGroup section */

/* Begin XCBuildConfiguration section */
		62F5DC27225C836D000D2387 /* Debug */ = {
			isa = XCBuildConfiguration;
			buildSettings = {
				ALWAYS_SEARCH_USER_PATHS = NO;
				CLANG_ANALYZER_NONNULL = YES;
				CLANG_ANALYZER_NUMBER_OBJECT_CONVERSION = YES_AGGRESSIVE;
				CLANG_CXX_LANGUAGE_STANDARD = "gnu++14";
				CLANG_CXX_LIBRARY = "libc++";
				CLANG_ENABLE_MODULES = YES;
				CLANG_ENABLE_OBJC_ARC = YES;
				CLANG_ENABLE_OBJC_WEAK = YES;
				CLANG_WARN_BLOCK_CAPTURE_AUTORELEASING = YES;
				CLANG_WARN_BOOL_CONVERSION = YES;
				CLANG_WARN_COMMA = YES;
				CLANG_WARN_CONSTANT_CONVERSION = YES;
				CLANG_WARN_DEPRECATED_OBJC_IMPLEMENTATIONS = YES;
				CLANG_WARN_DIRECT_OBJC_ISA_USAGE = YES_ERROR;
				CLANG_WARN_DOCUMENTATION_COMMENTS = YES;
				CLANG_WARN_EMPTY_BODY = YES;
				CLANG_WARN_ENUM_CONVERSION = YES;
				CLANG_WARN_INFINITE_RECURSION = YES;
				CLANG_WARN_INT_CONVERSION = YES;
				CLANG_WARN_NON_LITERAL_NULL_CONVERSION = YES;
				CLANG_WARN_OBJC_IMPLICIT_RETAIN_SELF = YES;
				CLANG_WARN_OBJC_LITERAL_CONVERSION = YES;
				CLANG_WARN_OBJC_ROOT_CLASS = YES_ERROR;
				CLANG_WARN_RANGE_LOOP_ANALYSIS = YES;
				CLANG_WARN_STRICT_PROTOTYPES = YES;
				CLANG_WARN_SUSPICIOUS_MOVE = YES;
				CLANG_WARN_UNGUARDED_AVAILABILITY = YES_AGGRESSIVE;
				CLANG_WARN_UNREACHABLE_CODE = YES;
				CLANG_WARN__DUPLICATE_METHOD_MATCH = YES;
				CODE_SIGN_IDENTITY = "iPhone Developer";
				COPY_PHASE_STRIP = NO;
				DEBUG_INFORMATION_FORMAT = dwarf;
				ENABLE_STRICT_OBJC_MSGSEND = YES;
				ENABLE_TESTABILITY = YES;
				GCC_C_LANGUAGE_STANDARD = gnu11;
				GCC_DYNAMIC_NO_PIC = NO;
				GCC_NO_COMMON_BLOCKS = YES;
				GCC_OPTIMIZATION_LEVEL = 0;
				GCC_PREPROCESSOR_DEFINITIONS = (
					"DEBUG=1",
					"$(inherited)",
				);
				GCC_WARN_64_TO_32_BIT_CONVERSION = YES;
				GCC_WARN_ABOUT_RETURN_TYPE = YES_ERROR;
				GCC_WARN_UNDECLARED_SELECTOR = YES;
				GCC_WARN_UNINITIALIZED_AUTOS = YES_AGGRESSIVE;
				GCC_WARN_UNUSED_FUNCTION = YES;
				GCC_WARN_UNUSED_VARIABLE = YES;
				IPHONEOS_DEPLOYMENT_TARGET = 12.0;
				MTL_ENABLE_DEBUG_INFO = INCLUDE_SOURCE;
				MTL_FAST_MATH = YES;
				ONLY_ACTIVE_ARCH = YES;
				SDKROOT = iphoneos;
				SWIFT_ACTIVE_COMPILATION_CONDITIONS = DEBUG;
				SWIFT_OPTIMIZATION_LEVEL = "-Onone";
			};
			name = Debug;
		};
		62F5DC28225C836D000D2387 /* Release */ = {
			isa = XCBuildConfiguration;
			buildSettings = {
				ALWAYS_SEARCH_USER_PATHS = NO;
				CLANG_ANALYZER_NONNULL = YES;
				CLANG_ANALYZER_NUMBER_OBJECT_CONVERSION = YES_AGGRESSIVE;
				CLANG_CXX_LANGUAGE_STANDARD = "gnu++14";
				CLANG_CXX_LIBRARY = "libc++";
				CLANG_ENABLE_MODULES = YES;
				CLANG_ENABLE_OBJC_ARC = YES;
				CLANG_ENABLE_OBJC_WEAK = YES;
				CLANG_WARN_BLOCK_CAPTURE_AUTORELEASING = YES;
				CLANG_WARN_BOOL_CONVERSION = YES;
				CLANG_WARN_COMMA = YES;
				CLANG_WARN_CONSTANT_CONVERSION = YES;
				CLANG_WARN_DEPRECATED_OBJC_IMPLEMENTATIONS = YES;
				CLANG_WARN_DIRECT_OBJC_ISA_USAGE = YES_ERROR;
				CLANG_WARN_DOCUMENTATION_COMMENTS = YES;
				CLANG_WARN_EMPTY_BODY = YES;
				CLANG_WARN_ENUM_CONVERSION = YES;
				CLANG_WARN_INFINITE_RECURSION = YES;
				CLANG_WARN_INT_CONVERSION = YES;
				CLANG_WARN_NON_LITERAL_NULL_CONVERSION = YES;
				CLANG_WARN_OBJC_IMPLICIT_RETAIN_SELF = YES;
				CLANG_WARN_OBJC_LITERAL_CONVERSION = YES;
				CLANG_WARN_OBJC_ROOT_CLASS = YES_ERROR;
				CLANG_WARN_RANGE_LOOP_ANALYSIS = YES;
				CLANG_WARN_STRICT_PROTOTYPES = YES;
				CLANG_WARN_SUSPICIOUS_MOVE = YES;
				CLANG_WARN_UNGUARDED_AVAILABILITY = YES_AGGRESSIVE;
				CLANG_WARN_UNREACHABLE_CODE = YES;
				CLANG_WARN__DUPLICATE_METHOD_MATCH = YES;
				CODE_SIGN_IDENTITY = "iPhone Developer";
				COPY_PHASE_STRIP = NO;
				DEBUG_INFORMATION_FORMAT = "dwarf-with-dsym";
				ENABLE_NS_ASSERTIONS = NO;
				ENABLE_STRICT_OBJC_MSGSEND = YES;
				GCC_C_LANGUAGE_STANDARD = gnu11;
				GCC_NO_COMMON_BLOCKS = YES;
				GCC_WARN_64_TO_32_BIT_CONVERSION = YES;
				GCC_WARN_ABOUT_RETURN_TYPE = YES_ERROR;
				GCC_WARN_UNDECLARED_SELECTOR = YES;
				GCC_WARN_UNINITIALIZED_AUTOS = YES_AGGRESSIVE;
				GCC_WARN_UNUSED_FUNCTION = YES;
				GCC_WARN_UNUSED_VARIABLE = YES;
				IPHONEOS_DEPLOYMENT_TARGET = 12.0;
				MTL_ENABLE_DEBUG_INFO = NO;
				MTL_FAST_MATH = YES;
				SDKROOT = iphoneos;
				SWIFT_COMPILATION_MODE = wholemodule;
				SWIFT_OPTIMIZATION_LEVEL = "-O";
				VALIDATE_PRODUCT = YES;
			};
			name = Release;
		};
		62F5DC2A225C836D000D2387 /* Debug */ = {
			isa = XCBuildConfiguration;
			baseConfigurationReference = 0BF4C582B7BE0DD259EA90F8 /* Pods-Gonzaga News Scraper.debug.xcconfig */;
			buildSettings = {
				ASSETCATALOG_COMPILER_APPICON_NAME = AppIcon;
				CODE_SIGN_STYLE = Automatic;
				DEVELOPMENT_TEAM = H43AUM3LA2;
				INFOPLIST_FILE = "Gonzaga News Scraper/Info.plist";
				IPHONEOS_DEPLOYMENT_TARGET = 12.1;
				LD_RUNPATH_SEARCH_PATHS = (
					"$(inherited)",
					"@executable_path/Frameworks",
				);
				PRODUCT_BUNDLE_IDENTIFIER = "st.northw.Gonzaga-News-Scraper";
				PRODUCT_NAME = "$(TARGET_NAME)";
				SWIFT_VERSION = 4.2;
				TARGETED_DEVICE_FAMILY = "1,2";
			};
			name = Debug;
		};
		62F5DC2B225C836D000D2387 /* Release */ = {
			isa = XCBuildConfiguration;
			baseConfigurationReference = 66CF09660F848ADB5A3A3CEC /* Pods-Gonzaga News Scraper.release.xcconfig */;
			buildSettings = {
				ASSETCATALOG_COMPILER_APPICON_NAME = AppIcon;
				CODE_SIGN_STYLE = Automatic;
				DEVELOPMENT_TEAM = H43AUM3LA2;
				INFOPLIST_FILE = "Gonzaga News Scraper/Info.plist";
				IPHONEOS_DEPLOYMENT_TARGET = 12.1;
				LD_RUNPATH_SEARCH_PATHS = (
					"$(inherited)",
					"@executable_path/Frameworks",
				);
				PRODUCT_BUNDLE_IDENTIFIER = "st.northw.Gonzaga-News-Scraper";
				PRODUCT_NAME = "$(TARGET_NAME)";
				SWIFT_VERSION = 4.2;
				TARGETED_DEVICE_FAMILY = "1,2";
			};
			name = Release;
		};
		62F5DC2D225C836D000D2387 /* Debug */ = {
			isa = XCBuildConfiguration;
			baseConfigurationReference = 3DF28189AE4E2BD6C092917B /* Pods-Gonzaga News ScraperTests.debug.xcconfig */;
			buildSettings = {
				ALWAYS_EMBED_SWIFT_STANDARD_LIBRARIES = YES;
				BUNDLE_LOADER = "$(TEST_HOST)";
				CODE_SIGN_STYLE = Automatic;
				INFOPLIST_FILE = "Gonzaga News ScraperTests/Info.plist";
				LD_RUNPATH_SEARCH_PATHS = (
					"$(inherited)",
					"@executable_path/Frameworks",
					"@loader_path/Frameworks",
				);
				PRODUCT_BUNDLE_IDENTIFIER = "st.northw.Gonzaga-News-ScraperTests";
				PRODUCT_NAME = "$(TARGET_NAME)";
				SWIFT_VERSION = 4.2;
				TARGETED_DEVICE_FAMILY = "1,2";
				TEST_HOST = "$(BUILT_PRODUCTS_DIR)/Gonzaga News Scraper.app/Gonzaga News Scraper";
			};
			name = Debug;
		};
		62F5DC2E225C836D000D2387 /* Release */ = {
			isa = XCBuildConfiguration;
			baseConfigurationReference = 5256046566773A7F701A303C /* Pods-Gonzaga News ScraperTests.release.xcconfig */;
			buildSettings = {
				ALWAYS_EMBED_SWIFT_STANDARD_LIBRARIES = YES;
				BUNDLE_LOADER = "$(TEST_HOST)";
				CODE_SIGN_STYLE = Automatic;
				INFOPLIST_FILE = "Gonzaga News ScraperTests/Info.plist";
				LD_RUNPATH_SEARCH_PATHS = (
					"$(inherited)",
					"@executable_path/Frameworks",
					"@loader_path/Frameworks",
				);
				PRODUCT_BUNDLE_IDENTIFIER = "st.northw.Gonzaga-News-ScraperTests";
				PRODUCT_NAME = "$(TARGET_NAME)";
				SWIFT_VERSION = 4.2;
				TARGETED_DEVICE_FAMILY = "1,2";
				TEST_HOST = "$(BUILT_PRODUCTS_DIR)/Gonzaga News Scraper.app/Gonzaga News Scraper";
			};
			name = Release;
		};
		62F5DC30225C836D000D2387 /* Debug */ = {
			isa = XCBuildConfiguration;
			baseConfigurationReference = 56A12AA0C9C18BC09EF78AD2 /* Pods-Gonzaga News ScraperUITests.debug.xcconfig */;
			buildSettings = {
				ALWAYS_EMBED_SWIFT_STANDARD_LIBRARIES = YES;
				CODE_SIGN_STYLE = Automatic;
				INFOPLIST_FILE = "Gonzaga News ScraperUITests/Info.plist";
				LD_RUNPATH_SEARCH_PATHS = (
					"$(inherited)",
					"@executable_path/Frameworks",
					"@loader_path/Frameworks",
				);
				PRODUCT_BUNDLE_IDENTIFIER = "st.northw.Gonzaga-News-ScraperUITests";
				PRODUCT_NAME = "$(TARGET_NAME)";
				SWIFT_VERSION = 4.2;
				TARGETED_DEVICE_FAMILY = "1,2";
				TEST_TARGET_NAME = "Gonzaga News Scraper";
			};
			name = Debug;
		};
		62F5DC31225C836D000D2387 /* Release */ = {
			isa = XCBuildConfiguration;
			baseConfigurationReference = 1AED981D2644192F92A63C24 /* Pods-Gonzaga News ScraperUITests.release.xcconfig */;
			buildSettings = {
				ALWAYS_EMBED_SWIFT_STANDARD_LIBRARIES = YES;
				CODE_SIGN_STYLE = Automatic;
				INFOPLIST_FILE = "Gonzaga News ScraperUITests/Info.plist";
				LD_RUNPATH_SEARCH_PATHS = (
					"$(inherited)",
					"@executable_path/Frameworks",
					"@loader_path/Frameworks",
				);
				PRODUCT_BUNDLE_IDENTIFIER = "st.northw.Gonzaga-News-ScraperUITests";
				PRODUCT_NAME = "$(TARGET_NAME)";
				SWIFT_VERSION = 4.2;
				TARGETED_DEVICE_FAMILY = "1,2";
				TEST_TARGET_NAME = "Gonzaga News Scraper";
			};
			name = Release;
		};
/* End XCBuildConfiguration section */

/* Begin XCConfigurationList section */
		62F5DBFC225C836B000D2387 /* Build configuration list for PBXProject "Gonzaga News Scraper" */ = {
			isa = XCConfigurationList;
			buildConfigurations = (
				62F5DC27225C836D000D2387 /* Debug */,
				62F5DC28225C836D000D2387 /* Release */,
			);
			defaultConfigurationIsVisible = 0;
			defaultConfigurationName = Release;
		};
		62F5DC29225C836D000D2387 /* Build configuration list for PBXNativeTarget "Gonzaga News Scraper" */ = {
			isa = XCConfigurationList;
			buildConfigurations = (
				62F5DC2A225C836D000D2387 /* Debug */,
				62F5DC2B225C836D000D2387 /* Release */,
			);
			defaultConfigurationIsVisible = 0;
			defaultConfigurationName = Release;
		};
		62F5DC2C225C836D000D2387 /* Build configuration list for PBXNativeTarget "Gonzaga News ScraperTests" */ = {
			isa = XCConfigurationList;
			buildConfigurations = (
				62F5DC2D225C836D000D2387 /* Debug */,
				62F5DC2E225C836D000D2387 /* Release */,
			);
			defaultConfigurationIsVisible = 0;
			defaultConfigurationName = Release;
		};
		62F5DC2F225C836D000D2387 /* Build configuration list for PBXNativeTarget "Gonzaga News ScraperUITests" */ = {
			isa = XCConfigurationList;
			buildConfigurations = (
				62F5DC30225C836D000D2387 /* Debug */,
				62F5DC31225C836D000D2387 /* Release */,
			);
			defaultConfigurationIsVisible = 0;
			defaultConfigurationName = Release;
		};
/* End XCConfigurationList section */
	};
	rootObject = 62F5DBF9225C836B000D2387 /* Project object */;
}
